
Microsoft Visual Studio Solution File, Format Version 12.00
# Visual Studio Version 17
VisualStudioVersion = 17.14.37111.16 d17.14
MinimumVisualStudioVersion = 10.0.40219.1
Project("{FAE04EC0-301F-11D3-BF4B-00C04F79EFBC}") = "ConsoleApp1sferf", "ConsoleApp1sferf\ConsoleApp1sferf.csproj", "{FD41B5B9-FEAD-46FA-AA0E-0C7A985F6DCD}"
EndProject
Global
	GlobalSection(SolutionConfigurationPlatforms) = preSolution
		Debug|Any CPU = Debug|Any CPU
		Release|Any CPU = Release|Any CPU
	EndGlobalSection
	GlobalSection(ProjectConfigurationPlatforms) = postSolution
		{FD41B5B9-FEAD-46FA-AA0E-0C7A985F6DCD}.Debug|Any CPU.ActiveCfg = Debug|Any CPU
		{FD41B5B9-FEAD-46FA-AA0E-0C7A985F6DCD}.Debug|Any CPU.Build.0 = Debug|Any CPU
		{FD41B5B9-FEAD-46FA-AA0E-0C7A985F6DCD}.Release|Any CPU.ActiveCfg = Release|Any CPU
		{FD41B5B9-FEAD-46FA-AA0E-0C7A985F6DCD}.Release|Any CPU.Build.0 = Release|Any CPU
	EndGlobalSection
	GlobalSection(SolutionProperties) = preSolution
		HideSolutionNode = FALSE
	EndGlobalSection
	GlobalSection(ExtensibilityGlobals) = postSolution
		SolutionGuid = {5B3E3DFF-A1FF-455C-B552-B5D679984F85}
	EndGlobalSection
EndGlobal
